
Microsoft Visual Studio Solution File, Format Version 12.00
# Visual Studio Version 16
VisualStudioVersion = 16.0.29509.3
MinimumVisualStudioVersion = 10.0.40219.1
Project("{FAE04EC0-301F-11D3-BF4B-00C04F79EFBC}") = "Test", "Test.csproj", "{B69D76D6-B279-407A-9BCD-CCE3767FDFCA}"
EndProject
Global
	GlobalSection(SolutionConfigurationPlatforms) = preSolution
		Debug|Any CPU = Debug|Any CPU
		Release|Any CPU = Release|Any CPU
	EndGlobalSection
	GlobalSection(ProjectConfigurationPlatforms) = postSolution
		{B69D76D6-B279-407A-9BCD-CCE3767FDFCA}.Debug|Any CPU.ActiveCfg = Debug|Any CPU
		{B69D76D6-B279-407A-9BCD-CCE3767FDFCA}.Debug|Any CPU.Build.0 = Debug|Any CPU
		{B69D76D6-B279-407A-9BCD-CCE3767FDFCA}.Release|Any CPU.ActiveCfg = Release|Any CPU
		{B69D76D6-B279-407A-9BCD-CCE3767FDFCA}.Release|Any CPU.Build.0 = Release|Any CPU
	EndGlobalSection
	GlobalSection(SolutionProperties) = preSolution
		HideSolutionNode = FALSE
	EndGlobalSection
	GlobalSection(ExtensibilityGlobals) = postSolution
		SolutionGuid = {7A4ABDEB-A3C7-41DF-B66A-0A3301836824}
	EndGlobalSection
EndGlobal
